// !$*UTF8*$!
{
	archiveVersion = 1;
	classes = {
	};
	objectVersion = 46;
	objects = {

/* Begin PBXBuildFile section */
		340909FC1AAFEDB0006797B9 /* chooseSort.c in Sources */ = {isa = PBXBuildFile; fileRef = 340909FB1AAFEDB0006797B9 /* chooseSort.c */; };
		340909FE1AAFEDE6006797B9 /* binaryAdd.c in Sources */ = {isa = PBXBuildFile; fileRef = 340909FD1AAFEDE6006797B9 /* binaryAdd.c */; };
		344FD2C51AAE880C008AD4DA /* main.c in Sources */ = {isa = PBXBuildFile; fileRef = 344FD2C41AAE880C008AD4DA /* main.c */; };
		349ED9811AB281A00027776B /* mergeSort.c in Sources */ = {isa = PBXBuildFile; fileRef = 349ED9801AB281A00027776B /* mergeSort.c */; };
		34F999AA1AB3CF8E0072B564 /* reversePairs.c in Sources */ = {isa = PBXBuildFile; fileRef = 34F999A91AB3CF8E0072B564 /* reversePairs.c */; };
		34F999AC1AB41DA70072B564 /* maxSubArray.c in Sources */ = {isa = PBXBuildFile; fileRef = 34F999AB1AB41DA70072B564 /* maxSubArray.c */; };
/* End PBXBuildFile section */

/* Begin PBXCopyFilesBuildPhase section */
		344FD2BF1AAE880C008AD4DA /* CopyFiles */ = {
			isa = PBXCopyFilesBuildPhase;
			buildActionMask = 2147483647;
			dstPath = /usr/share/man/man1/;
			dstSubfolderSpec = 0;
			files = (
			);
			runOnlyForDeploymentPostprocessing = 1;
		};
/* End PBXCopyFilesBuildPhase section */

/* Begin PBXFileReference section */
		340909FB1AAFEDB0006797B9 /* chooseSort.c */ = {isa = PBXFileReference; fileEncoding = 4; lastKnownFileType = sourcecode.c.c; path = chooseSort.c; sourceTree = "<group>"; };
		340909FD1AAFEDE6006797B9 /* binaryAdd.c */ = {isa = PBXFileReference; fileEncoding = 4; lastKnownFileType = sourcecode.c.c; path = binaryAdd.c; sourceTree = "<group>"; };
		344FD2C11AAE880C008AD4DA /* ExploreAlg */ = {isa = PBXFileReference; explicitFileType = "compiled.mach-o.executable"; includeInIndex = 0; path = ExploreAlg; sourceTree = BUILT_PRODUCTS_DIR; };
		344FD2C41AAE880C008AD4DA /* main.c */ = {isa = PBXFileReference; lastKnownFileType = sourcecode.c.c; path = main.c; sourceTree = "<group>"; };
		349ED9801AB281A00027776B /* mergeSort.c */ = {isa = PBXFileReference; fileEncoding = 4; lastKnownFileType = sourcecode.c.c; path = mergeSort.c; sourceTree = "<group>"; };
		34F999A91AB3CF8E0072B564 /* reversePairs.c */ = {isa = PBXFileReference; fileEncoding = 4; lastKnownFileType = sourcecode.c.c; path = reversePairs.c; sourceTree = "<group>"; };
		34F999AB1AB41DA70072B564 /* maxSubArray.c */ = {isa = PBXFileReference; fileEncoding = 4; lastKnownFileType = sourcecode.c.c; path = maxSubArray.c; sourceTree = "<group>"; };
/* End PBXFileReference section */

/* Begin PBXFrameworksBuildPhase section */
		344FD2BE1AAE880C008AD4DA /* Frameworks */ = {
			isa = PBXFrameworksBuildPhase;
			buildActionMask = 2147483647;
			files = (
			);
			runOnlyForDeploymentPostprocessing = 0;
		};
/* End PBXFrameworksBuildPhase section */

/* Begin PBXGroup section */
		344FD2B81AAE880C008AD4DA = {
			isa = PBXGroup;
			children = (
				344FD2C31AAE880C008AD4DA /* ExploreAlg */,
				344FD2C21AAE880C008AD4DA /* Products */,
			);
			sourceTree = "<group>";
		};
		344FD2C21AAE880C008AD4DA /* Products */ = {
			isa = PBXGroup;
			children = (
				344FD2C11AAE880C008AD4DA /* ExploreAlg */,
			);
			name = Products;
			sourceTree = "<group>";
		};
		344FD2C31AAE880C008AD4DA /* ExploreAlg */ = {
			isa = PBXGroup;
			children = (
				344FD2C41AAE880C008AD4DA /* main.c */,
				340909FB1AAFEDB0006797B9 /* chooseSort.c */,
				340909FD1AAFEDE6006797B9 /* binaryAdd.c */,
				349ED9801AB281A00027776B /* mergeSort.c */,
				34F999A91AB3CF8E0072B564 /* reversePairs.c */,
				34F999AB1AB41DA70072B564 /* maxSubArray.c */,
			);
			path = ExploreAlg;
			sourceTree = "<group>";
		};
/* End PBXGroup section */

/* Begin PBXNativeTarget section */
		344FD2C01AAE880C008AD4DA /* ExploreAlg */ = {
			isa = PBXNativeTarget;
			buildConfigurationList = 344FD2C81AAE880C008AD4DA /* Build configuration list for PBXNativeTarget "ExploreAlg" */;
			buildPhases = (
				344FD2BD1AAE880C008AD4DA /* Sources */,
				344FD2BE1AAE880C008AD4DA /* Frameworks */,
				344FD2BF1AAE880C008AD4DA /* CopyFiles */,
			);
			buildRules = (
			);
			dependencies = (
			);
			name = ExploreAlg;
			productName = ExploreAlg;
			productReference = 344FD2C11AAE880C008AD4DA /* ExploreAlg */;
			productType = "com.apple.product-type.tool";
		};
/* End PBXNativeTarget section */

/* Begin PBXProject section */
		344FD2B91AAE880C008AD4DA /* Project object */ = {
			isa = PBXProject;
			attributes = {
				LastUpgradeCheck = 0610;
				ORGANIZATIONNAME = "Hank Wing";
				TargetAttributes = {
					344FD2C01AAE880C008AD4DA = {
						CreatedOnToolsVersion = 6.1.1;
					};
				};
			};
			buildConfigurationList = 344FD2BC1AAE880C008AD4DA /* Build configuration list for PBXProject "ExploreAlg" */;
			compatibilityVersion = "Xcode 3.2";
			developmentRegion = English;
			hasScannedForEncodings = 0;
			knownRegions = (
				en,
			);
			mainGroup = 344FD2B81AAE880C008AD4DA;
			productRefGroup = 344FD2C21AAE880C008AD4DA /* Products */;
			projectDirPath = "";
			projectRoot = "";
			targets = (
				344FD2C01AAE880C008AD4DA /* ExploreAlg */,
			);
		};
/* End PBXProject section */

/* Begin PBXSourcesBuildPhase section */
		344FD2BD1AAE880C008AD4DA /* Sources */ = {
			isa = PBXSourcesBuildPhase;
			buildActionMask = 2147483647;
			files = (
				349ED9811AB281A00027776B /* mergeSort.c in Sources */,
				34F999AC1AB41DA70072B564 /* maxSubArray.c in Sources */,
				340909FC1AAFEDB0006797B9 /* chooseSort.c in Sources */,
				340909FE1AAFEDE6006797B9 /* binaryAdd.c in Sources */,
				344FD2C51AAE880C008AD4DA /* main.c in Sources */,
				34F999AA1AB3CF8E0072B564 /* reversePairs.c in Sources */,
			);
			runOnlyForDeploymentPostprocessing = 0;
		};
/* End PBXSourcesBuildPhase section */

/* Begin XCBuildConfiguration section */
		344FD2C61AAE880C008AD4DA /* Debug */ = {
			isa = XCBuildConfiguration;
			buildSettings = {
				ALWAYS_SEARCH_USER_PATHS = NO;
				CLANG_CXX_LANGUAGE_STANDARD = "gnu++0x";
				CLANG_CXX_LIBRARY = "libc++";
				CLANG_ENABLE_MODULES = YES;
				CLANG_ENABLE_OBJC_ARC = YES;
				CLANG_WARN_BOOL_CONVERSION = YES;
				CLANG_WARN_CONSTANT_CONVERSION = YES;
				CLANG_WARN_DIRECT_OBJC_ISA_USAGE = YES_ERROR;
				CLANG_WARN_EMPTY_BODY = YES;
				CLANG_WARN_ENUM_CONVERSION = YES;
				CLANG_WARN_INT_CONVERSION = YES;
				CLANG_WARN_OBJC_ROOT_CLASS = YES_ERROR;
				CLANG_WARN_UNREACHABLE_CODE = YES;
				CLANG_WARN__DUPLICATE_METHOD_MATCH = YES;
				COPY_PHASE_STRIP = NO;
				ENABLE_STRICT_OBJC_MSGSEND = YES;
				GCC_C_LANGUAGE_STANDARD = gnu99;
				GCC_DYNAMIC_NO_PIC = NO;
				GCC_OPTIMIZATION_LEVEL = 0;
				GCC_PREPROCESSOR_DEFINITIONS = (
					"DEBUG=1",
					"$(inherited)",
				);
				GCC_SYMBOLS_PRIVATE_EXTERN = NO;
				GCC_WARN_64_TO_32_BIT_CONVERSION = YES;
				GCC_WARN_ABOUT_RETURN_TYPE = YES_ERROR;
				GCC_WARN_UNDECLARED_SELECTOR = YES;
				GCC_WARN_UNINITIALIZED_AUTOS = YES_AGGRESSIVE;
				GCC_WARN_UNUSED_FUNCTION = YES;
				GCC_WARN_UNUSED_VARIABLE = YES;
				MACOSX_DEPLOYMENT_TARGET = 10.10;
				MTL_ENABLE_DEBUG_INFO = YES;
				ONLY_ACTIVE_ARCH = YES;
				SDKROOT = macosx;
			};
			name = Debug;
		};
		344FD2C71AAE880C008AD4DA /* Release */ = {
			isa = XCBuildConfiguration;
			buildSettings = {
				ALWAYS_SEARCH_USER_PATHS = NO;
				CLANG_CXX_LANGUAGE_STANDARD = "gnu++0x";
				CLANG_CXX_LIBRARY = "libc++";
				CLANG_ENABLE_MODULES = YES;
				CLANG_ENABLE_OBJC_ARC = YES;
				CLANG_WARN_BOOL_CONVERSION = YES;
				CLANG_WARN_CONSTANT_CONVERSION = YES;
				CLANG_WARN_DIRECT_OBJC_ISA_USAGE = YES_ERROR;
				CLANG_WARN_EMPTY_BODY = YES;
				CLANG_WARN_ENUM_CONVERSION = YES;
				CLANG_WARN_INT_CONVERSION = YES;
				CLANG_WARN_OBJC_ROOT_CLASS = YES_ERROR;
				CLANG_WARN_UNREACHABLE_CODE = YES;
				CLANG_WARN__DUPLICATE_METHOD_MATCH = YES;
				COPY_PHASE_STRIP = YES;
				DEBUG_INFORMATION_FORMAT = "dwarf-with-dsym";
				ENABLE_NS_ASSERTIONS = NO;
				ENABLE_STRICT_OBJC_MSGSEND = YES;
				GCC_C_LANGUAGE_STANDARD = gnu99;
				GCC_WARN_64_TO_32_BIT_CONVERSION = YES;
				GCC_WARN_ABOUT_RETURN_TYPE = YES_ERROR;
				GCC_WARN_UNDECLARED_SELECTOR = YES;
				GCC_WARN_UNINITIALIZED_AUTOS = YES_AGGRESSIVE;
				GCC_WARN_UNUSED_FUNCTION = YES;
				GCC_WARN_UNUSED_VARIABLE = YES;
				MACOSX_DEPLOYMENT_TARGET = 10.10;
				MTL_ENABLE_DEBUG_INFO = NO;
				SDKROOT = macosx;
			};
			name = Release;
		};
		344FD2C91AAE880C008AD4DA /* Debug */ = {
			isa = XCBuildConfiguration;
			buildSettings = {
				PRODUCT_NAME = "$(TARGET_NAME)";
			};
			name = Debug;
		};
		344FD2CA1AAE880C008AD4DA /* Release */ = {
			isa = XCBuildConfiguration;
			buildSettings = {
				PRODUCT_NAME = "$(TARGET_NAME)";
			};
			name = Release;
		};
/* End XCBuildConfiguration section */

/* Begin XCConfigurationList section */
		344FD2BC1AAE880C008AD4DA /* Build configuration list for PBXProject "ExploreAlg" */ = {
			isa = XCConfigurationList;
			buildConfigurations = (
				344FD2C61AAE880C008AD4DA /* Debug */,
				344FD2C71AAE880C008AD4DA /* Release */,
			);
			defaultConfigurationIsVisible = 0;
			defaultConfigurationName = Release;
		};
		344FD2C81AAE880C008AD4DA /* Build configuration list for PBXNativeTarget "ExploreAlg" */ = {
			isa = XCConfigurationList;
			buildConfigurations = (
				344FD2C91AAE880C008AD4DA /* Debug */,
				344FD2CA1AAE880C008AD4DA /* Release */,
			);
			defaultConfigurationIsVisible = 0;
			defaultConfigurationName = Release;
		};
/* End XCConfigurationList section */
	};
	rootObject = 344FD2B91AAE880C008AD4DA /* Project object */;
}
